
Microsoft Visual Studio Solution File, Format Version 12.00
# Visual Studio Version 16
VisualStudioVersion = 16.0.31729.503
MinimumVisualStudioVersion = 10.0.40219.1
Project("{FAE04EC0-301F-11D3-BF4B-00C04F79EFBC}") = "StructureAndEnumDemo", "StructureAndEnumDemo\StructureAndEnumDemo.csproj", "{F92B3EB8-9AE2-405B-A1A5-451A30D0D5F4}"
EndProject
Global
	GlobalSection(SolutionConfigurationPlatforms) = preSolution
		Debug|Any CPU = Debug|Any CPU
		Release|Any CPU = Release|Any CPU
	EndGlobalSection
	GlobalSection(ProjectConfigurationPlatforms) = postSolution
		{F92B3EB8-9AE2-405B-A1A5-451A30D0D5F4}.Debug|Any CPU.ActiveCfg = Debug|Any CPU
		{F92B3EB8-9AE2-405B-A1A5-451A30D0D5F4}.Debug|Any CPU.Build.0 = Debug|Any CPU
		{F92B3EB8-9AE2-405B-A1A5-451A30D0D5F4}.Release|Any CPU.ActiveCfg = Release|Any CPU
		{F92B3EB8-9AE2-405B-A1A5-451A30D0D5F4}.Release|Any CPU.Build.0 = Release|Any CPU
	EndGlobalSection
	GlobalSection(SolutionProperties) = preSolution
		HideSolutionNode = FALSE
	EndGlobalSection
	GlobalSection(ExtensibilityGlobals) = postSolution
		SolutionGuid = {19D2A74C-985F-47CB-9A8A-22232CF74E74}
	EndGlobalSection
EndGlobal
